{
  "lockfileVersion": 1,
  "configVersion": 1,
  "workspaces": {
    "": {
      "name": "my-better-t-app",
      "dependencies": {
        "@repo/env": "workspace:*",
        "zod": "catalog:",
      },
      "devDependencies": {
        "@biomejs/biome": "2.4.0",
        "@repo/config": "workspace:*",
        "@types/bun": "catalog:",
        "turbo": "^2.6.3",
        "typescript": "catalog:",
        "ultracite": "7.2.4",
      },
    },
    "apps/consumer": {
      "name": "consumer",
      "devDependencies": {
        "@types/bun": "latest",
      },
      "peerDependencies": {
        "typescript": "^5",
      },
    },
    "apps/producer": {
      "name": "producer",
      "devDependencies": {
        "@types/bun": "latest",
      },
      "peerDependencies": {
        "typescript": "^5",
      },
    },
    "apps/server": {
      "name": "server",
      "dependencies": {
        "@elysiajs/cors": "^1.4.1",
        "@repo/env": "workspace:*",
        "elysia": "^1.4.21",
        "zod": "catalog:",
      },
      "devDependencies": {
        "@repo/config": "workspace:*",
        "@types/bun": "catalog:",
        "tsdown": "^0.16.5",
        "typescript": "catalog:",
      },
    },
    "packages/config": {
      "name": "@repo/config",
      "version": "0.0.0",
    },
    "packages/env": {
      "name": "@repo/env",
      "version": "0.0.0",
      "dependencies": {
        "@dotenvx/dotenvx": "^1.52.0",
        "effect": "catalog:",
        "zod": "catalog:",
      },
      "devDependencies": {
        "@repo/config": "workspace:*",
        "@types/bun": "catalog:",
        "typescript": "catalog:",
      },
    },
    "packages/event-contract": {
      "name": "@repo/event-contract",
      "devDependencies": {
        "@types/bun": "latest",
      },
      "peerDependencies": {
        "typescript": "^5",
      },
    },
    "packages/kafka-client": {
      "name": "@repo/kafka-client",
      "devDependencies": {
        "@types/bun": "latest",
      },
      "peerDependencies": {
        "typescript": "^5",
      },
    },
  },
  "catalog": {
    "@types/bun": "^1.3.4",
    "effect": "^3.19.19",
    "typescript": "^5",
    "zod": "^4.1.13",
  },
  "packages": {
    "@babel/generator": ["@babel/generator@7.29.1", "", { "dependencies": { "@babel/parser": "^7.29.0", "@babel/types": "^7.29.0", "@jridgewell/gen-mapping": "^0.3.12", "@jridgewell/trace-mapping": "^0.3.28", "jsesc": "^3.0.2" } }, "sha512-qsaF+9Qcm2Qv8SRIMMscAvG4O3lJ0F1GuMo5HR/Bp02LopNgnZBC/EkbevHFeGs4ls/oPz9v+Bsmzbkbe+0dUw=="],

    "@babel/helper-string-parser": ["@babel/helper-string-parser@7.27.1", "", {}, "sha512-qMlSxKbpRlAridDExk92nSobyDdpPijUq2DW6oDnUqd0iOGxmQjyqhMIihI9+zv4LPyZdRje2cavWPbCbWm3eA=="],

    "@babel/helper-validator-identifier": ["@babel/helper-validator-identifier@7.28.5", "", {}, "sha512-qSs4ifwzKJSV39ucNjsvc6WVHs6b7S03sOh2OcHF9UHfVPqWWALUsNUVzhSBiItjRZoLHx7nIarVjqKVusUZ1Q=="],

    "@babel/parser": ["@babel/parser@7.29.0", "", { "dependencies": { "@babel/types": "^7.29.0" }, "bin": "./bin/babel-parser.js" }, "sha512-IyDgFV5GeDUVX4YdF/3CPULtVGSXXMLh1xVIgdCgxApktqnQV0r7/8Nqthg+8YLGaAtdyIlo2qIdZrbCv4+7ww=="],

    "@babel/types": ["@babel/types@7.29.0", "", { "dependencies": { "@babel/helper-string-parser": "^7.27.1", "@babel/helper-validator-identifier": "^7.28.5" } }, "sha512-LwdZHpScM4Qz8Xw2iKSzS+cfglZzJGvofQICy7W7v4caru4EaAmyUuO6BGrbyQ2mYV11W0U8j5mBhd14dd3B0A=="],

    "@biomejs/biome": ["@biomejs/biome@2.4.0", "", { "optionalDependencies": { "@biomejs/cli-darwin-arm64": "2.4.0", "@biomejs/cli-darwin-x64": "2.4.0", "@biomejs/cli-linux-arm64": "2.4.0", "@biomejs/cli-linux-arm64-musl": "2.4.0", "@biomejs/cli-linux-x64": "2.4.0", "@biomejs/cli-linux-x64-musl": "2.4.0", "@biomejs/cli-win32-arm64": "2.4.0", "@biomejs/cli-win32-x64": "2.4.0" }, "bin": { "biome": "bin/biome" } }, "sha512-iluT61cORUDIC5i/y42ljyQraCemmmcgbMLLCnYO+yh+2hjTmcMFcwY8G0zTzWCsPb3t3AyKc+0t/VuhPZULUg=="],

    "@biomejs/cli-darwin-arm64": ["@biomejs/cli-darwin-arm64@2.4.0", "", { "os": "darwin", "cpu": "arm64" }, "sha512-L+YpOtPSuU0etomfvFTPWRsa7+8ejaJL3yaROEoT/96HDJbR6OsvZQk0C8JUYou+XFdP+JcGxqZknkp4n934RA=="],

    "@biomejs/cli-darwin-x64": ["@biomejs/cli-darwin-x64@2.4.0", "", { "os": "darwin", "cpu": "x64" }, "sha512-Aq+S7ffpb5ynTyLgtnEjG+W6xuTd2F7FdC7J6ShpvRhZwJhjzwITGF9vrqoOnw0sv1XWkt2Q1Rpg+hleg/Xg7Q=="],

    "@biomejs/cli-linux-arm64": ["@biomejs/cli-linux-arm64@2.4.0", "", { "os": "linux", "cpu": "arm64" }, "sha512-u2p54IhvNAWB+h7+rxCZe3reNfQYFK+ppDw+q0yegrGclFYnDPZAntv/PqgUacpC3uxTeuWFgWW7RFe3lHuxOA=="],

    "@biomejs/cli-linux-arm64-musl": ["@biomejs/cli-linux-arm64-musl@2.4.0", "", { "os": "linux", "cpu": "arm64" }, "sha512-1rhDUq8sf7xX3tg7vbnU3WVfanKCKi40OXc4VleBMzRStmQHdeBY46aFP6VdwEomcVjyNiu+Zcr3LZtAdrZrjQ=="],

    "@biomejs/cli-linux-x64": ["@biomejs/cli-linux-x64@2.4.0", "", { "os": "linux", "cpu": "x64" }, "sha512-WVFOhsnzhrbMGOSIcB9yFdRV2oG2KkRRhIZiunI9gJqSU3ax9ErdnTxRfJUxZUI9NbzVxC60OCXNcu+mXfF/Tw=="],

    "@biomejs/cli-linux-x64-musl": ["@biomejs/cli-linux-x64-musl@2.4.0", "", { "os": "linux", "cpu": "x64" }, "sha512-Omo0xhl63z47X+CrE5viEWKJhejJyndl577VoXg763U/aoATrK3r5+8DPh02GokWPeODX1Hek00OtjjooGan9w=="],

    "@biomejs/cli-win32-arm64": ["@biomejs/cli-win32-arm64@2.4.0", "", { "os": "win32", "cpu": "arm64" }, "sha512-aqRwW0LJLV1v1NzyLvLWQhdLmDSAV1vUh+OBdYJaa8f28XBn5BZavo+WTfqgEzALZxlNfBmu6NGO6Al3MbCULw=="],

    "@biomejs/cli-win32-x64": ["@biomejs/cli-win32-x64@2.4.0", "", { "os": "win32", "cpu": "x64" }, "sha512-g47s+V+OqsGxbSZN3lpav6WYOk0PIc3aCBAq+p6dwSynL3K5MA6Cg6nkzDOlu28GEHwbakW+BllzHCJCxnfK5Q=="],

    "@borewit/text-codec": ["@borewit/text-codec@0.2.1", "", {}, "sha512-k7vvKPbf7J2fZ5klGRD9AeKfUvojuZIQ3BT5u7Jfv+puwXkUBUT5PVyMDfJZpy30CBDXGMgw7fguK/lpOMBvgw=="],

    "@clack/core": ["@clack/core@1.0.1", "", { "dependencies": { "picocolors": "^1.0.0", "sisteransi": "^1.0.5" } }, "sha512-WKeyK3NOBwDOzagPR5H08rFk9D/WuN705yEbuZvKqlkmoLM2woKtXb10OO2k1NoSU4SFG947i2/SCYh+2u5e4g=="],

    "@clack/prompts": ["@clack/prompts@1.0.1", "", { "dependencies": { "@clack/core": "1.0.1", "picocolors": "^1.0.0", "sisteransi": "^1.0.5" } }, "sha512-/42G73JkuYdyWZ6m8d/CJtBrGl1Hegyc7Fy78m5Ob+jF85TOUmLR5XLce/U3LxYAw0kJ8CT5aI99RIvPHcGp/Q=="],

    "@dotenvx/dotenvx": ["@dotenvx/dotenvx@1.52.0", "", { "dependencies": { "commander": "^11.1.0", "dotenv": "^17.2.1", "eciesjs": "^0.4.10", "execa": "^5.1.1", "fdir": "^6.2.0", "ignore": "^5.3.0", "object-treeify": "1.1.33", "picomatch": "^4.0.2", "which": "^4.0.0" }, "bin": { "dotenvx": "src/cli/dotenvx.js" } }, "sha512-CaQcc8JvtzQhUSm9877b6V4Tb7HCotkcyud9X2YwdqtQKwgljkMRwU96fVYKnzN3V0Hj74oP7Es+vZ0mS+Aa1w=="],

    "@ecies/ciphers": ["@ecies/ciphers@0.2.5", "", { "peerDependencies": { "@noble/ciphers": "^1.0.0" } }, "sha512-GalEZH4JgOMHYYcYmVqnFirFsjZHeoGMDt9IxEnM9F7GRUUyUksJ7Ou53L83WHJq3RWKD3AcBpo0iQh0oMpf8A=="],

    "@elysiajs/cors": ["@elysiajs/cors@1.4.1", "", { "peerDependencies": { "elysia": ">= 1.4.0" } }, "sha512-lQfad+F3r4mNwsxRKbXyJB8Jg43oAOXjRwn7sKUL6bcOW3KjUqUimTS+woNpO97efpzjtDE0tEjGk9DTw8lqTQ=="],

    "@emnapi/core": ["@emnapi/core@1.8.1", "", { "dependencies": { "@emnapi/wasi-threads": "1.1.0", "tslib": "^2.4.0" } }, "sha512-AvT9QFpxK0Zd8J0jopedNm+w/2fIzvtPKPjqyw9jwvBaReTTqPBk9Hixaz7KbjimP+QNz605/XnjFcDAL2pqBg=="],

    "@emnapi/runtime": ["@emnapi/runtime@1.8.1", "", { "dependencies": { "tslib": "^2.4.0" } }, "sha512-mehfKSMWjjNol8659Z8KxEMrdSJDDot5SXMq00dM8BN4o+CLNXQ0xH2V7EchNHV4RmbZLmmPdEaXZc5H2FXmDg=="],

    "@emnapi/wasi-threads": ["@emnapi/wasi-threads@1.1.0", "", { "dependencies": { "tslib": "^2.4.0" } }, "sha512-WI0DdZ8xFSbgMjR1sFsKABJ/C5OnRrjT06JXbZKexJGrDuPTzZdDYfFlsgcCXCyf+suG5QU2e/y1Wo2V/OapLQ=="],

    "@jridgewell/gen-mapping": ["@jridgewell/gen-mapping@0.3.13", "", { "dependencies": { "@jridgewell/sourcemap-codec": "^1.5.0", "@jridgewell/trace-mapping": "^0.3.24" } }, "sha512-2kkt/7niJ6MgEPxF0bYdQ6etZaA+fQvDcLKckhy1yIQOzaoKjBBjSj63/aLVjYE3qhRt5dvM+uUyfCg6UKCBbA=="],

    "@jridgewell/resolve-uri": ["@jridgewell/resolve-uri@3.1.2", "", {}, "sha512-bRISgCIjP20/tbWSPWMEi54QVPRZExkuD9lJL+UIxUKtwVJA8wW1Trb1jMs1RFXo1CBTNZ/5hpC9QvmKWdopKw=="],

    "@jridgewell/sourcemap-codec": ["@jridgewell/sourcemap-codec@1.5.5", "", {}, "sha512-cYQ9310grqxueWbl+WuIUIaiUaDcj7WOq5fVhEljNVgRfOUhY9fy2zTvfoqWsnebh8Sl70VScFbICvJnLKB0Og=="],

    "@jridgewell/trace-mapping": ["@jridgewell/trace-mapping@0.3.31", "", { "dependencies": { "@jridgewell/resolve-uri": "^3.1.0", "@jridgewell/sourcemap-codec": "^1.4.14" } }, "sha512-zzNR+SdQSDJzc8joaeP8QQoCQr8NuYx2dIIytl1QeBEZHJ9uW6hebsrYgbz8hJwUQao3TWCMtmfV8Nu1twOLAw=="],

    "@napi-rs/wasm-runtime": ["@napi-rs/wasm-runtime@1.1.1", "", { "dependencies": { "@emnapi/core": "^1.7.1", "@emnapi/runtime": "^1.7.1", "@tybys/wasm-util": "^0.10.1" } }, "sha512-p64ah1M1ld8xjWv3qbvFwHiFVWrq1yFvV4f7w+mzaqiR4IlSgkqhcRdHwsGgomwzBH51sRY4NEowLxnaBjcW/A=="],

    "@noble/ciphers": ["@noble/ciphers@1.3.0", "", {}, "sha512-2I0gnIVPtfnMw9ee9h1dJG7tp81+8Ob3OJb3Mv37rx5L40/b0i7djjCVvGOVqc9AEIQyvyu1i6ypKdFw8R8gQw=="],

    "@noble/curves": ["@noble/curves@1.9.7", "", { "dependencies": { "@noble/hashes": "1.8.0" } }, "sha512-gbKGcRUYIjA3/zCCNaWDciTMFI0dCkvou3TL8Zmy5Nc7sJ47a0jtOeZoTaMxkuqRo9cRhjOdZJXegxYE5FN/xw=="],

    "@noble/hashes": ["@noble/hashes@1.8.0", "", {}, "sha512-jCs9ldd7NwzpgXDIf6P3+NrHh9/sD6CQdxHyjQI+h/6rDNo88ypBxxz45UDuZHz9r3tNz7N/VInSVoVdtXEI4A=="],

    "@oxc-project/types": ["@oxc-project/types@0.99.0", "", {}, "sha512-LLDEhXB7g1m5J+woRSgfKsFPS3LhR9xRhTeIoEBm5WrkwMxn6eZ0Ld0c0K5eHB57ChZX6I3uSmmLjZ8pcjlRcw=="],

    "@quansync/fs": ["@quansync/fs@1.0.0", "", { "dependencies": { "quansync": "^1.0.0" } }, "sha512-4TJ3DFtlf1L5LDMaM6CanJ/0lckGNtJcMjQ1NAV6zDmA0tEHKZtxNKin8EgPaVX1YzljbxckyT2tJrpQKAtngQ=="],

    "@repo/config": ["@repo/config@workspace:packages/config"],

    "@repo/env": ["@repo/env@workspace:packages/env"],

    "@repo/event-contract": ["@repo/event-contract@workspace:packages/event-contract"],

    "@repo/kafka-client": ["@repo/kafka-client@workspace:packages/kafka-client"],

    "@rolldown/binding-android-arm64": ["@rolldown/binding-android-arm64@1.0.0-beta.52", "", { "os": "android", "cpu": "arm64" }, "sha512-MBGIgysimZPqTDcLXI+i9VveijkP5C3EAncEogXhqfax6YXj1Tr2LY3DVuEOMIjWfMPMhtQSPup4fSTAmgjqIw=="],

    "@rolldown/binding-darwin-arm64": ["@rolldown/binding-darwin-arm64@1.0.0-beta.52", "", { "os": "darwin", "cpu": "arm64" }, "sha512-MmKeoLnKu1d9j6r19K8B+prJnIZ7u+zQ+zGQ3YHXGnr41rzE3eqQLovlkvoZnRoxDGPA4ps0pGiwXy6YE3lJyg=="],

    "@rolldown/binding-darwin-x64": ["@rolldown/binding-darwin-x64@1.0.0-beta.52", "", { "os": "darwin", "cpu": "x64" }, "sha512-qpHedvQBmIjT8zdnjN3nWPR2qjQyJttbXniCEKKdHeAbZG9HyNPBUzQF7AZZGwmS9coQKL+hWg9FhWzh2dZ2IA=="],

    "@rolldown/binding-freebsd-x64": ["@rolldown/binding-freebsd-x64@1.0.0-beta.52", "", { "os": "freebsd", "cpu": "x64" }, "sha512-dDp7WbPapj/NVW0LSiH/CLwMhmLwwKb3R7mh2kWX+QW85X1DGVnIEyKh9PmNJjB/+suG1dJygdtdNPVXK1hylg=="],

    "@rolldown/binding-linux-arm-gnueabihf": ["@rolldown/binding-linux-arm-gnueabihf@1.0.0-beta.52", "", { "os": "linux", "cpu": "arm" }, "sha512-9e4l6vy5qNSliDPqNfR6CkBOAx6PH7iDV4OJiEJzajajGrVy8gc/IKKJUsoE52G8ud8MX6r3PMl97NfwgOzB7g=="],

    "@rolldown/binding-linux-arm64-gnu": ["@rolldown/binding-linux-arm64-gnu@1.0.0-beta.52", "", { "os": "linux", "cpu": "arm64" }, "sha512-V48oDR84feRU2KRuzpALp594Uqlx27+zFsT6+BgTcXOtu7dWy350J1G28ydoCwKB+oxwsRPx2e7aeQnmd3YJbQ=="],

    "@rolldown/binding-linux-arm64-musl": ["@rolldown/binding-linux-arm64-musl@1.0.0-beta.52", "", { "os": "linux", "cpu": "arm64" }, "sha512-ENLmSQCWqSA/+YN45V2FqTIemg7QspaiTjlm327eUAMeOLdqmSOVVyrQexJGNTQ5M8sDYCgVAig2Kk01Ggmqaw=="],

    "@rolldown/binding-linux-x64-gnu": ["@rolldown/binding-linux-x64-gnu@1.0.0-beta.52", "", { "os": "linux", "cpu": "x64" }, "sha512-klahlb2EIFltSUubn/VLjuc3qxp1E7th8ukayPfdkcKvvYcQ5rJztgx8JsJSuAKVzKtNTqUGOhy4On71BuyV8g=="],

    "@rolldown/binding-linux-x64-musl": ["@rolldown/binding-linux-x64-musl@1.0.0-beta.52", "", { "os": "linux", "cpu": "x64" }, "sha512-UuA+JqQIgqtkgGN2c/AQ5wi8M6mJHrahz/wciENPTeI6zEIbbLGoth5XN+sQe2pJDejEVofN9aOAp0kaazwnVg=="],

    "@rolldown/binding-openharmony-arm64": ["@rolldown/binding-openharmony-arm64@1.0.0-beta.52", "", { "os": "none", "cpu": "arm64" }, "sha512-1BNQW8u4ro8bsN1+tgKENJiqmvc+WfuaUhXzMImOVSMw28pkBKdfZtX2qJPADV3terx+vNJtlsgSGeb3+W6Jiw=="],

    "@rolldown/binding-wasm32-wasi": ["@rolldown/binding-wasm32-wasi@1.0.0-beta.52", "", { "dependencies": { "@napi-rs/wasm-runtime": "^1.0.7" }, "cpu": "none" }, "sha512-K/p7clhCqJOQpXGykrFaBX2Dp9AUVIDHGc+PtFGBwg7V+mvBTv/tsm3LC3aUmH02H2y3gz4y+nUTQ0MLpofEEg=="],

    "@rolldown/binding-win32-arm64-msvc": ["@rolldown/binding-win32-arm64-msvc@1.0.0-beta.52", "", { "os": "win32", "cpu": "arm64" }, "sha512-a4EkXBtnYYsKipjS7QOhEBM4bU5IlR9N1hU+JcVEVeuTiaslIyhWVKsvf7K2YkQHyVAJ+7/A9BtrGqORFcTgng=="],

    "@rolldown/binding-win32-ia32-msvc": ["@rolldown/binding-win32-ia32-msvc@1.0.0-beta.52", "", { "os": "win32", "cpu": "ia32" }, "sha512-5ZXcYyd4GxPA6QfbGrNcQjmjbuLGvfz6728pZMsQvGHI+06LT06M6TPtXvFvLgXtexc+OqvFe1yAIXJU1gob/w=="],

    "@rolldown/binding-win32-x64-msvc": ["@rolldown/binding-win32-x64-msvc@1.0.0-beta.52", "", { "os": "win32", "cpu": "x64" }, "sha512-tzpnRQXJrSzb8Z9sm97UD3cY0toKOImx+xRKsDLX4zHaAlRXWh7jbaKBePJXEN7gNw7Nm03PBNwphdtA8KSUYQ=="],

    "@rolldown/pluginutils": ["@rolldown/pluginutils@1.0.0-beta.52", "", {}, "sha512-/L0htLJZbaZFL1g9OHOblTxbCYIGefErJjtYOwgl9ZqNx27P3L0SDfjhhHIss32gu5NWgnxuT2a2Hnnv6QGHKA=="],

    "@sinclair/typebox": ["@sinclair/typebox@0.34.48", "", {}, "sha512-kKJTNuK3AQOrgjjotVxMrCn1sUJwM76wMszfq1kdU4uYVJjvEWuFQ6HgvLt4Xz3fSmZlTOxJ/Ie13KnIcWQXFA=="],

    "@standard-schema/spec": ["@standard-schema/spec@1.1.0", "", {}, "sha512-l2aFy5jALhniG5HgqrD6jXLi/rUWrKvqN/qJx6yoJsgKhblVd+iqqU4RCXavm/jPityDo5TCvKMnpjKnOriy0w=="],

    "@tokenizer/inflate": ["@tokenizer/inflate@0.4.1", "", { "dependencies": { "debug": "^4.4.3", "token-types": "^6.1.1" } }, "sha512-2mAv+8pkG6GIZiF1kNg1jAjh27IDxEPKwdGul3snfztFerfPGI1LjDezZp3i7BElXompqEtPmoPx6c2wgtWsOA=="],

    "@tokenizer/token": ["@tokenizer/token@0.3.0", "", {}, "sha512-OvjF+z51L3ov0OyAU0duzsYuvO01PH7x4t6DJx+guahgTnBHkhJdG7soQeTSFLWN3efnHyibZ4Z8l2EuWwJN3A=="],

    "@tybys/wasm-util": ["@tybys/wasm-util@0.10.1", "", { "dependencies": { "tslib": "^2.4.0" } }, "sha512-9tTaPJLSiejZKx+Bmog4uSubteqTvFrVrURwkmHixBo0G4seD0zUxp98E1DzUBJxLQ3NPwXrGKDiVjwx/DpPsg=="],

    "@types/bun": ["@types/bun@1.3.10", "", { "dependencies": { "bun-types": "1.3.10" } }, "sha512-0+rlrUrOrTSskibryHbvQkDOWRJwJZqZlxrUs1u4oOoTln8+WIXBPmAuCF35SWB2z4Zl3E84Nl/D0P7803nigQ=="],

    "@types/node": ["@types/node@25.3.3", "", { "dependencies": { "undici-types": "~7.18.0" } }, "sha512-DpzbrH7wIcBaJibpKo9nnSQL0MTRdnWttGyE5haGwK86xgMOkFLp7vEyfQPGLOJh5wNYiJ3V9PmUMDhV9u8kkQ=="],

    "ansis": ["ansis@4.2.0", "", {}, "sha512-HqZ5rWlFjGiV0tDm3UxxgNRqsOTniqoKZu0pIAfh7TZQMGuZK+hH0drySty0si0QXj1ieop4+SkSfPZBPPkHig=="],

    "ast-kit": ["ast-kit@2.2.0", "", { "dependencies": { "@babel/parser": "^7.28.5", "pathe": "^2.0.3" } }, "sha512-m1Q/RaVOnTp9JxPX+F+Zn7IcLYMzM8kZofDImfsKZd8MbR+ikdOzTeztStWqfrqIxZnYWryyI9ePm3NGjnZgGw=="],

    "balanced-match": ["balanced-match@4.0.4", "", {}, "sha512-BLrgEcRTwX2o6gGxGOCNyMvGSp35YofuYzw9h1IMTRmKqttAZZVU67bdb9Pr2vUHA8+j3i2tJfjO6C6+4myGTA=="],

    "birpc": ["birpc@4.0.0", "", {}, "sha512-LShSxJP0KTmd101b6DRyGBj57LZxSDYWKitQNW/mi8GRMvZb078Uf9+pveax1DrVL89vm7mWe+TovdI/UDOuPw=="],

    "brace-expansion": ["brace-expansion@5.0.4", "", { "dependencies": { "balanced-match": "^4.0.2" } }, "sha512-h+DEnpVvxmfVefa4jFbCf5HdH5YMDXRsmKflpf1pILZWRFlTbJpxeU55nJl4Smt5HQaGzg1o6RHFPJaOqnmBDg=="],

    "bun-types": ["bun-types@1.3.10", "", { "dependencies": { "@types/node": "*" } }, "sha512-tcpfCCl6XWo6nCVnpcVrxQ+9AYN1iqMIzgrSKYMB/fjLtV2eyAVEg7AxQJuCq/26R6HpKWykQXuSOq/21RYcbg=="],

    "cac": ["cac@6.7.14", "", {}, "sha512-b6Ilus+c3RrdDk+JhLKUAQfzzgLEPy6wcXqS7f/xe1EETvsDP6GORG7SFuOs6cID5YkqchW/LXZbX5bc8j7ZcQ=="],

    "chokidar": ["chokidar@5.0.0", "", { "dependencies": { "readdirp": "^5.0.0" } }, "sha512-TQMmc3w+5AxjpL8iIiwebF73dRDF4fBIieAqGn9RGCWaEVwQ6Fb2cGe31Yns0RRIzii5goJ1Y7xbMwo1TxMplw=="],

    "citty": ["citty@0.2.1", "", {}, "sha512-kEV95lFBhQgtogAPlQfJJ0WGVSokvLr/UEoFPiKKOXF7pl98HfUVUD0ejsuTCld/9xH9vogSywZ5KqHzXrZpqg=="],

    "commander": ["commander@14.0.3", "", {}, "sha512-H+y0Jo/T1RZ9qPP4Eh1pkcQcLRglraJaSLoyOtHxu6AapkjWVCy2Sit1QQ4x3Dng8qDlSsZEet7g5Pq06MvTgw=="],

    "consumer": ["consumer@workspace:apps/consumer"],

    "cookie": ["cookie@1.1.1", "", {}, "sha512-ei8Aos7ja0weRpFzJnEA9UHJ/7XQmqglbRwnf2ATjcB9Wq874VKH9kfjjirM6UhU2/E5fFYadylyhFldcqSidQ=="],

    "cross-spawn": ["cross-spawn@7.0.6", "", { "dependencies": { "path-key": "^3.1.0", "shebang-command": "^2.0.0", "which": "^2.0.1" } }, "sha512-uV2QOWP2nWzsy2aMp8aRibhi9dlzF5Hgh5SHaB9OiTGEyDTiJJyx0uy51QXdyWbtAHNua4XJzUKca3OzKUd3vA=="],

    "debug": ["debug@4.4.3", "", { "dependencies": { "ms": "^2.1.3" } }, "sha512-RGwwWnwQvkVfavKVt22FGLw+xYSdzARwm0ru6DhTVA3umU5hZc28V3kO4stgYryrTlLpuvgI9GiijltAjNbcqA=="],

    "deepmerge": ["deepmerge@4.3.1", "", {}, "sha512-3sUqbMEc77XqpdNO7FRyRog+eW3ph+GYCbj+rK+uYyRMuwsVy0rMiVtPn+QJlKFvWP/1PYpapqYn0Me2knFn+A=="],

    "diff": ["diff@8.0.3", "", {}, "sha512-qejHi7bcSD4hQAZE0tNAawRK1ZtafHDmMTMkrrIGgSLl7hTnQHmKCeB45xAcbfTqK2zowkM3j3bHt/4b/ARbYQ=="],

    "dotenv": ["dotenv@17.3.1", "", {}, "sha512-IO8C/dzEb6O3F9/twg6ZLXz164a2fhTnEWb95H23Dm4OuN+92NmEAlTrupP9VW6Jm3sO26tQlqyvyi4CsnY9GA=="],

    "dts-resolver": ["dts-resolver@2.1.3", "", { "peerDependencies": { "oxc-resolver": ">=11.0.0" }, "optionalPeers": ["oxc-resolver"] }, "sha512-bihc7jPC90VrosXNzK0LTE2cuLP6jr0Ro8jk+kMugHReJVLIpHz/xadeq3MhuwyO4TD4OA3L1Q8pBBFRc08Tsw=="],

    "eciesjs": ["eciesjs@0.4.17", "", { "dependencies": { "@ecies/ciphers": "^0.2.5", "@noble/ciphers": "^1.3.0", "@noble/curves": "^1.9.7", "@noble/hashes": "^1.8.0" } }, "sha512-TOOURki4G7sD1wDCjj7NfLaXZZ49dFOeEb5y39IXpb8p0hRzVvfvzZHOi5JcT+PpyAbi/Y+lxPb8eTag2WYH8w=="],

    "effect": ["effect@3.19.19", "", { "dependencies": { "@standard-schema/spec": "^1.0.0", "fast-check": "^3.23.1" } }, "sha512-Yc8U/SVXo2dHnaP7zNBlAo83h/nzSJpi7vph6Hzyl4ulgMBIgPmz3UzOjb9sBgpFE00gC0iETR244sfXDNLHRg=="],

    "elysia": ["elysia@1.4.27", "", { "dependencies": { "cookie": "^1.1.1", "exact-mirror": "^0.2.7", "fast-decode-uri-component": "^1.0.1", "memoirist": "^0.4.0" }, "peerDependencies": { "@sinclair/typebox": ">= 0.34.0 < 1", "@types/bun": ">= 1.2.0", "file-type": ">= 20.0.0", "openapi-types": ">= 12.0.0", "typescript": ">= 5.0.0" }, "optionalPeers": ["@types/bun", "typescript"] }, "sha512-2UlmNEjPJVA/WZVPYKy+KdsrfFwwNlqSBW1lHz6i2AHc75k7gV4Rhm01kFeotH7PDiHIX2G8X3KnRPc33SGVIg=="],

    "empathic": ["empathic@2.0.0", "", {}, "sha512-i6UzDscO/XfAcNYD75CfICkmfLedpyPDdozrLMmQc5ORaQcdMoc21OnlEylMIqI7U8eniKrPMxxtj8k0vhmJhA=="],

    "exact-mirror": ["exact-mirror@0.2.7", "", { "peerDependencies": { "@sinclair/typebox": "^0.34.15" }, "optionalPeers": ["@sinclair/typebox"] }, "sha512-+MeEmDcLA4o/vjK2zujgk+1VTxPR4hdp23qLqkWfStbECtAq9gmsvQa3LW6z/0GXZyHJobrCnmy1cdeE7BjsYg=="],

    "execa": ["execa@5.1.1", "", { "dependencies": { "cross-spawn": "^7.0.3", "get-stream": "^6.0.0", "human-signals": "^2.1.0", "is-stream": "^2.0.0", "merge-stream": "^2.0.0", "npm-run-path": "^4.0.1", "onetime": "^5.1.2", "signal-exit": "^3.0.3", "strip-final-newline": "^2.0.0" } }, "sha512-8uSpZZocAZRBAPIEINJj3Lo9HyGitllczc27Eh5YYojjMFMn8yHMDMaUHE2Jqfq05D/wucwI4JGURyXt1vchyg=="],

    "fast-check": ["fast-check@3.23.2", "", { "dependencies": { "pure-rand": "^6.1.0" } }, "sha512-h5+1OzzfCC3Ef7VbtKdcv7zsstUQwUDlYpUTvjeUsJAssPgLn7QzbboPtL5ro04Mq0rPOsMzl7q5hIbRs2wD1A=="],

    "fast-decode-uri-component": ["fast-decode-uri-component@1.0.1", "", {}, "sha512-WKgKWg5eUxvRZGwW8FvfbaH7AXSh2cL+3j5fMGzUMCxWBJ3dV3a7Wz8y2f/uQ0e3B6WmodD3oS54jTQ9HVTIIg=="],

    "fdir": ["fdir@6.5.0", "", { "peerDependencies": { "picomatch": "^3 || ^4" }, "optionalPeers": ["picomatch"] }, "sha512-tIbYtZbucOs0BRGqPJkshJUYdL+SDH7dVM8gjy+ERp3WAUjLEFJE+02kanyHtwjWOnwrKYBiwAmM0p4kLJAnXg=="],

    "file-type": ["file-type@21.3.0", "", { "dependencies": { "@tokenizer/inflate": "^0.4.1", "strtok3": "^10.3.4", "token-types": "^6.1.1", "uint8array-extras": "^1.4.0" } }, "sha512-8kPJMIGz1Yt/aPEwOsrR97ZyZaD1Iqm8PClb1nYFclUCkBi0Ma5IsYNQzvSFS9ib51lWyIw5mIT9rWzI/xjpzA=="],

    "get-stream": ["get-stream@6.0.1", "", {}, "sha512-ts6Wi+2j3jQjqi70w5AlN8DFnkSwC+MqmxEzdEALB2qXZYV3X/b1CTfgPLGJNMeAWxdPfU8FO1ms3NUfaHCPYg=="],

    "get-tsconfig": ["get-tsconfig@4.13.6", "", { "dependencies": { "resolve-pkg-maps": "^1.0.0" } }, "sha512-shZT/QMiSHc/YBLxxOkMtgSid5HFoauqCE3/exfsEcwg1WkeqjG+V40yBbBrsD+jW2HDXcs28xOfcbm2jI8Ddw=="],

    "glob": ["glob@13.0.6", "", { "dependencies": { "minimatch": "^10.2.2", "minipass": "^7.1.3", "path-scurry": "^2.0.2" } }, "sha512-Wjlyrolmm8uDpm/ogGyXZXb1Z+Ca2B8NbJwqBVg0axK9GbBeoS7yGV6vjXnYdGm6X53iehEuxxbyiKp8QmN4Vw=="],

    "hookable": ["hookable@5.5.3", "", {}, "sha512-Yc+BQe8SvoXH1643Qez1zqLRmbA5rCL+sSmk6TVos0LWVfNIB7PGncdlId77WzLGSIB5KaWgTaNTs2lNVEI6VQ=="],

    "human-signals": ["human-signals@2.1.0", "", {}, "sha512-B4FFZ6q/T2jhhksgkbEW3HBvWIfDW85snkQgawt07S7J5QXTk6BkNV+0yAeZrM5QpMAdYlocGoljn0sJ/WQkFw=="],

    "ieee754": ["ieee754@1.2.1", "", {}, "sha512-dcyqhDvX1C46lXZcVqCpK+FtMRQVdIMN6/Df5js2zouUsqG7I6sFxitIC+7KYK29KdXOLHdu9zL4sFnoVQnqaA=="],

    "ignore": ["ignore@5.3.2", "", {}, "sha512-hsBTNUqQTDwkWtcdYI2i06Y/nUBEsNEDJKjWdigLvegy8kDuJAS8uRlpkkcQpyEXL0Z/pjDy5HBmMjRCJ2gq+g=="],

    "is-stream": ["is-stream@2.0.1", "", {}, "sha512-hFoiJiTl63nn+kstHGBtewWSKnQLpyb155KHheA1l39uvtO9nWIop1p3udqPcUd/xbF1VLMO4n7OI6p7RbngDg=="],

    "isexe": ["isexe@3.1.5", "", {}, "sha512-6B3tLtFqtQS4ekarvLVMZ+X+VlvQekbe4taUkf/rhVO3d/h0M2rfARm/pXLcPEsjjMsFgrFgSrhQIxcSVrBz8w=="],

    "jsesc": ["jsesc@3.1.0", "", { "bin": { "jsesc": "bin/jsesc" } }, "sha512-/sM3dO2FOzXjKQhJuo0Q173wf2KOo8t4I8vHy6lF9poUp7bKT0/NHE8fPX23PwfhnykfqnC2xRxOnVw5XuGIaA=="],

    "jsonc-parser": ["jsonc-parser@3.3.1", "", {}, "sha512-HUgH65KyejrUFPvHFPbqOY0rsFip3Bo5wb4ngvdi1EpCYWUQDC5V+Y7mZws+DLkr4M//zQJoanu1SP+87Dv1oQ=="],

    "lru-cache": ["lru-cache@11.2.6", "", {}, "sha512-ESL2CrkS/2wTPfuend7Zhkzo2u0daGJ/A2VucJOgQ/C48S/zB8MMeMHSGKYpXhIjbPxfuezITkaBH1wqv00DDQ=="],

    "magic-string": ["magic-string@0.30.21", "", { "dependencies": { "@jridgewell/sourcemap-codec": "^1.5.5" } }, "sha512-vd2F4YUyEXKGcLHoq+TEyCjxueSeHnFxyyjNp80yg0XV4vUhnDer/lvvlqM/arB5bXQN5K2/3oinyCRyx8T2CQ=="],

    "memoirist": ["memoirist@0.4.0", "", {}, "sha512-zxTgA0mSYELa66DimuNQDvyLq36AwDlTuVRbnQtB+VuTcKWm5Qc4z3WkSpgsFWHNhexqkIooqpv4hdcqrX5Nmg=="],

    "merge-stream": ["merge-stream@2.0.0", "", {}, "sha512-abv/qOcuPfk3URPfDzmZU1LKmuw8kT+0nIHvKrKgFrwifol/doWcdA4ZqsWQ8ENrFKkd67Mfpo/LovbIUsbt3w=="],

    "mimic-fn": ["mimic-fn@2.1.0", "", {}, "sha512-OqbOk5oEQeAZ8WXWydlu9HJjz9WVdEIvamMCcXmuqUYjTknH/sqsWvhQ3vgwKFRR1HpjvNBKQ37nbJgYzGqGcg=="],

    "minimatch": ["minimatch@10.2.4", "", { "dependencies": { "brace-expansion": "^5.0.2" } }, "sha512-oRjTw/97aTBN0RHbYCdtF1MQfvusSIBQM0IZEgzl6426+8jSC0nF1a/GmnVLpfB9yyr6g6FTqWqiZVbxrtaCIg=="],

    "minipass": ["minipass@7.1.3", "", {}, "sha512-tEBHqDnIoM/1rXME1zgka9g6Q2lcoCkxHLuc7ODJ5BxbP5d4c2Z5cGgtXAku59200Cx7diuHTOYfSBD8n6mm8A=="],

    "ms": ["ms@2.1.3", "", {}, "sha512-6FlzubTLZG3J2a/NVCAleEhjzq5oxgHyaCU9yYXvcLsvoVaHJq/s5xXI6/XXP6tz7R9xAOtHnSO/tXtF3WRTlA=="],

    "npm-run-path": ["npm-run-path@4.0.1", "", { "dependencies": { "path-key": "^3.0.0" } }, "sha512-S48WzZW777zhNIrn7gxOlISNAqi9ZC/uQFnRdbeIHhZhCA6UqpkOT8T1G7BvfdgP4Er8gF4sUbaS0i7QvIfCWw=="],

    "nypm": ["nypm@0.6.5", "", { "dependencies": { "citty": "^0.2.0", "pathe": "^2.0.3", "tinyexec": "^1.0.2" }, "bin": { "nypm": "dist/cli.mjs" } }, "sha512-K6AJy1GMVyfyMXRVB88700BJqNUkByijGJM8kEHpLdcAt+vSQAVfkWWHYzuRXHSY6xA2sNc5RjTj0p9rE2izVQ=="],

    "object-treeify": ["object-treeify@1.1.33", "", {}, "sha512-EFVjAYfzWqWsBMRHPMAXLCDIJnpMhdWAqR7xG6M6a2cs6PMFpl/+Z20w9zDW4vkxOFfddegBKq9Rehd0bxWE7A=="],

    "obug": ["obug@2.1.1", "", {}, "sha512-uTqF9MuPraAQ+IsnPf366RG4cP9RtUi7MLO1N3KEc+wb0a6yKpeL0lmk2IB1jY5KHPAlTc6T/JRdC/YqxHNwkQ=="],

    "onetime": ["onetime@5.1.2", "", { "dependencies": { "mimic-fn": "^2.1.0" } }, "sha512-kbpaSSGJTWdAY5KPVeMOKXSrPtr8C8C7wodJbcsd51jRnmD+GZu8Y0VoU6Dm5Z4vWr0Ig/1NKuWRKf7j5aaYSg=="],

    "openapi-types": ["openapi-types@12.1.3", "", {}, "sha512-N4YtSYJqghVu4iek2ZUvcN/0aqH1kRDuNqzcycDxhOUpg7GdvLa2F3DgS6yBNhInhv2r/6I0Flkn7CqL8+nIcw=="],

    "path-key": ["path-key@3.1.1", "", {}, "sha512-ojmeN0qd+y0jszEtoY48r0Peq5dwMEkIlCOu6Q5f41lfkswXuKtYrhgoTpLnyIcHm24Uhqx+5Tqm2InSwLhE6Q=="],

    "path-scurry": ["path-scurry@2.0.2", "", { "dependencies": { "lru-cache": "^11.0.0", "minipass": "^7.1.2" } }, "sha512-3O/iVVsJAPsOnpwWIeD+d6z/7PmqApyQePUtCndjatj/9I5LylHvt5qluFaBT3I5h3r1ejfR056c+FCv+NnNXg=="],

    "pathe": ["pathe@2.0.3", "", {}, "sha512-WUjGcAqP1gQacoQe+OBJsFA7Ld4DyXuUIjZ5cc75cLHvJ7dtNsTugphxIADwspS+AraAUePCKrSVtPLFj/F88w=="],

    "picocolors": ["picocolors@1.1.1", "", {}, "sha512-xceH2snhtb5M9liqDsmEw56le376mTZkEX/jEb/RxNFyegNul7eNslCXP9FDj/Lcu0X8KEyMceP2ntpaHrDEVA=="],

    "picomatch": ["picomatch@4.0.3", "", {}, "sha512-5gTmgEY/sqK6gFXLIsQNH19lWb4ebPDLA4SdLP7dsWkIXHWlG66oPuVvXSGFPppYZz8ZDZq0dYYrbHfBCVUb1Q=="],

    "producer": ["producer@workspace:apps/producer"],

    "pure-rand": ["pure-rand@6.1.0", "", {}, "sha512-bVWawvoZoBYpp6yIoQtQXHZjmz35RSVHnUOTefl8Vcjr8snTPY1wnpSPMWekcFwbxI6gtmT7rSYPFvz71ldiOA=="],

    "quansync": ["quansync@1.0.0", "", {}, "sha512-5xZacEEufv3HSTPQuchrvV6soaiACMFnq1H8wkVioctoH3TRha9Sz66lOxRwPK/qZj7HPiSveih9yAyh98gvqA=="],

    "readdirp": ["readdirp@5.0.0", "", {}, "sha512-9u/XQ1pvrQtYyMpZe7DXKv2p5CNvyVwzUB6uhLAnQwHMSgKMBR62lc7AHljaeteeHXn11XTAaLLUVZYVZyuRBQ=="],

    "resolve-pkg-maps": ["resolve-pkg-maps@1.0.0", "", {}, "sha512-seS2Tj26TBVOC2NIc2rOe2y2ZO7efxITtLZcGSOnHHNOQ7CkiUBfw0Iw2ck6xkIhPwLhKNLS8BO+hEpngQlqzw=="],

    "rolldown": ["rolldown@1.0.0-beta.52", "", { "dependencies": { "@oxc-project/types": "=0.99.0", "@rolldown/pluginutils": "1.0.0-beta.52" }, "optionalDependencies": { "@rolldown/binding-android-arm64": "1.0.0-beta.52", "@rolldown/binding-darwin-arm64": "1.0.0-beta.52", "@rolldown/binding-darwin-x64": "1.0.0-beta.52", "@rolldown/binding-freebsd-x64": "1.0.0-beta.52", "@rolldown/binding-linux-arm-gnueabihf": "1.0.0-beta.52", "@rolldown/binding-linux-arm64-gnu": "1.0.0-beta.52", "@rolldown/binding-linux-arm64-musl": "1.0.0-beta.52", "@rolldown/binding-linux-x64-gnu": "1.0.0-beta.52", "@rolldown/binding-linux-x64-musl": "1.0.0-beta.52", "@rolldown/binding-openharmony-arm64": "1.0.0-beta.52", "@rolldown/binding-wasm32-wasi": "1.0.0-beta.52", "@rolldown/binding-win32-arm64-msvc": "1.0.0-beta.52", "@rolldown/binding-win32-ia32-msvc": "1.0.0-beta.52", "@rolldown/binding-win32-x64-msvc": "1.0.0-beta.52" }, "bin": { "rolldown": "bin/cli.mjs" } }, "sha512-Hbnpljue+JhMJrlOjQ1ixp9me7sUec7OjFvS+A1Qm8k8Xyxmw3ZhxFu7LlSXW1s9AX3POE9W9o2oqCEeR5uDmg=="],

    "rolldown-plugin-dts": ["rolldown-plugin-dts@0.18.4", "", { "dependencies": { "@babel/generator": "^7.28.5", "@babel/parser": "^7.28.5", "@babel/types": "^7.28.5", "ast-kit": "^2.2.0", "birpc": "^4.0.0", "dts-resolver": "^2.1.3", "get-tsconfig": "^4.13.0", "magic-string": "^0.30.21", "obug": "^2.1.1" }, "peerDependencies": { "@ts-macro/tsc": "^0.3.6", "@typescript/native-preview": ">=7.0.0-dev.20250601.1", "rolldown": "^1.0.0-beta.51", "typescript": "^5.0.0", "vue-tsc": "~3.1.0" }, "optionalPeers": ["@ts-macro/tsc", "@typescript/native-preview", "typescript", "vue-tsc"] }, "sha512-7UpdiICFd/BhdjKtDPeakCFRk6pbkTGFe0Z6u01egt4c8aoO+JoPGF1Smc+JRuCH2s5j5hBdteBi0e10G0xQdQ=="],

    "semver": ["semver@7.7.4", "", { "bin": { "semver": "bin/semver.js" } }, "sha512-vFKC2IEtQnVhpT78h1Yp8wzwrf8CM+MzKMHGJZfBtzhZNycRFnXsHk6E5TxIkkMsgNS7mdX3AGB7x2QM2di4lA=="],

    "server": ["server@workspace:apps/server"],

    "shebang-command": ["shebang-command@2.0.0", "", { "dependencies": { "shebang-regex": "^3.0.0" } }, "sha512-kHxr2zZpYtdmrN1qDjrrX/Z1rR1kG8Dx+gkpK1G4eXmvXswmcE1hTWBWYUzlraYw1/yZp6YuDY77YtvbN0dmDA=="],

    "shebang-regex": ["shebang-regex@3.0.0", "", {}, "sha512-7++dFhtcx3353uBaq8DDR4NuxBetBzC7ZQOhmTQInHEd6bSrXdiEyzCvG07Z44UYdLShWUyXt5M/yhz8ekcb1A=="],

    "signal-exit": ["signal-exit@3.0.7", "", {}, "sha512-wnD2ZE+l+SPC/uoS0vXeE9L1+0wuaMqKlfz9AMUo38JsyLSBWSFcHR1Rri62LZc12vLr1gb3jl7iwQhgwpAbGQ=="],

    "sisteransi": ["sisteransi@1.0.5", "", {}, "sha512-bLGGlR1QxBcynn2d5YmDX4MGjlZvy2MRBDRNHLJ8VI6l6+9FUiyTFNJ0IveOSP0bcXgVDPRcfGqA0pjaqUpfVg=="],

    "strip-final-newline": ["strip-final-newline@2.0.0", "", {}, "sha512-BrpvfNAE3dcvq7ll3xVumzjKjZQ5tI1sEUIKr3Uoks0XUl45St3FlatVqef9prk4jRDzhW6WZg+3bk93y6pLjA=="],

    "strtok3": ["strtok3@10.3.4", "", { "dependencies": { "@tokenizer/token": "^0.3.0" } }, "sha512-KIy5nylvC5le1OdaaoCJ07L+8iQzJHGH6pWDuzS+d07Cu7n1MZ2x26P8ZKIWfbK02+XIL8Mp4RkWeqdUCrDMfg=="],

    "tinyexec": ["tinyexec@1.0.2", "", {}, "sha512-W/KYk+NFhkmsYpuHq5JykngiOCnxeVL8v8dFnqxSD8qEEdRfXk1SDM6JzNqcERbcGYj9tMrDQBYV9cjgnunFIg=="],

    "tinyglobby": ["tinyglobby@0.2.15", "", { "dependencies": { "fdir": "^6.5.0", "picomatch": "^4.0.3" } }, "sha512-j2Zq4NyQYG5XMST4cbs02Ak8iJUdxRM0XI5QyxXuZOzKOINmWurp3smXu3y5wDcJrptwpSjgXHzIQxR0omXljQ=="],

    "token-types": ["token-types@6.1.2", "", { "dependencies": { "@borewit/text-codec": "^0.2.1", "@tokenizer/token": "^0.3.0", "ieee754": "^1.2.1" } }, "sha512-dRXchy+C0IgK8WPC6xvCHFRIWYUbqqdEIKPaKo/AcTUNzwLTK6AH7RjdLWsEZcAN/TBdtfUw3PYEgPr5VPr6ww=="],

    "tree-kill": ["tree-kill@1.2.2", "", { "bin": { "tree-kill": "cli.js" } }, "sha512-L0Orpi8qGpRG//Nd+H90vFB+3iHnue1zSSGmNOOCh1GLJ7rUKVwV2HvijphGQS2UmhUZewS9VgvxYIdgr+fG1A=="],

    "tsdown": ["tsdown@0.16.8", "", { "dependencies": { "ansis": "^4.2.0", "cac": "^6.7.14", "chokidar": "^5.0.0", "diff": "^8.0.2", "empathic": "^2.0.0", "hookable": "^5.5.3", "obug": "^2.1.1", "rolldown": "1.0.0-beta.52", "rolldown-plugin-dts": "^0.18.1", "semver": "^7.7.3", "tinyexec": "^1.0.2", "tinyglobby": "^0.2.15", "tree-kill": "^1.2.2", "unconfig-core": "^7.4.1", "unrun": "^0.2.13" }, "peerDependencies": { "@arethetypeswrong/core": "^0.18.1", "@vitejs/devtools": "^0.0.0-alpha.18", "publint": "^0.3.0", "typescript": "^5.0.0", "unplugin-lightningcss": "^0.4.0", "unplugin-unused": "^0.5.0" }, "optionalPeers": ["@arethetypeswrong/core", "@vitejs/devtools", "publint", "typescript", "unplugin-lightningcss", "unplugin-unused"], "bin": { "tsdown": "dist/run.mjs" } }, "sha512-6ANw9mgU9kk7SvTBKvpDu/DVJeAFECiLUSeL5M7f5Nm5H97E7ybxmXT4PQ23FySYn32y6OzjoAH/lsWCbGzfLA=="],

    "tslib": ["tslib@2.8.1", "", {}, "sha512-oJFu94HQb+KVduSUQL7wnpmqnfmLsOA/nAh6b6EH0wCEoK0/mPeXU6c3wKDV83MkOuHPRHtSXKKU99IBazS/2w=="],

    "turbo": ["turbo@2.8.12", "", { "optionalDependencies": { "turbo-darwin-64": "2.8.12", "turbo-darwin-arm64": "2.8.12", "turbo-linux-64": "2.8.12", "turbo-linux-arm64": "2.8.12", "turbo-windows-64": "2.8.12", "turbo-windows-arm64": "2.8.12" }, "bin": { "turbo": "bin/turbo" } }, "sha512-auUAMLmi0eJhxDhQrxzvuhfEbICnVt0CTiYQYY8WyRJ5nwCDZxD0JG8bCSxT4nusI2CwJzmZAay5BfF6LmK7Hw=="],

    "turbo-darwin-64": ["turbo-darwin-64@2.8.12", "", { "os": "darwin", "cpu": "x64" }, "sha512-EiHJmW2MeQQx+21x8hjMHw/uPhXt9PIxvDrxzOtyVwrXzL0tQmsxtO4qHf2l7uA+K6PUJ4+TjY1MHZDuCvWXrw=="],

    "turbo-darwin-arm64": ["turbo-darwin-arm64@2.8.12", "", { "os": "darwin", "cpu": "arm64" }, "sha512-cbqqGN0vd7ly2TeuaM8k9AK9u1CABO4kBA5KPSqovTiLL3sORccn/mZzJSbvQf0EsYRfU34MgW5FotfwW3kx8Q=="],

    "turbo-linux-64": ["turbo-linux-64@2.8.12", "", { "os": "linux", "cpu": "x64" }, "sha512-jXKw9j4r4q6s0goSXuKI3aKbQK2qiNeP25lGGEnq018TM6SWRW1CCpPMxyG91aCKrub7wDm/K45sGNT4ZFBcFQ=="],

    "turbo-linux-arm64": ["turbo-linux-arm64@2.8.12", "", { "os": "linux", "cpu": "arm64" }, "sha512-BRJCMdyXjyBoL0GYpvj9d2WNfMHwc3tKmJG5ATn2Efvil9LsiOsd/93/NxDqW0jACtHFNVOPnd/CBwXRPiRbwA=="],

    "turbo-windows-64": ["turbo-windows-64@2.8.12", "", { "os": "win32", "cpu": "x64" }, "sha512-vyFOlpFFzQFkikvSVhVkESEfzIopgs2J7J1rYvtSwSHQ4zmHxkC95Q8Kjkus8gg+8X2mZyP1GS5jirmaypGiPw=="],

    "turbo-windows-arm64": ["turbo-windows-arm64@2.8.12", "", { "os": "win32", "cpu": "arm64" }, "sha512-9nRnlw5DF0LkJClkIws1evaIF36dmmMEO84J5Uj4oQ8C0QTHwlH7DNe5Kq2Jdmu8GXESCNDNuUYG8Cx6W/vm3g=="],

    "typescript": ["typescript@5.9.3", "", { "bin": { "tsc": "bin/tsc", "tsserver": "bin/tsserver" } }, "sha512-jl1vZzPDinLr9eUt3J/t7V6FgNEw9QjvBPdysz9KfQDD41fQrC2Y4vKQdiaUpFT4bXlb1RHhLpp8wtm6M5TgSw=="],

    "uint8array-extras": ["uint8array-extras@1.5.0", "", {}, "sha512-rvKSBiC5zqCCiDZ9kAOszZcDvdAHwwIKJG33Ykj43OKcWsnmcBRL09YTU4nOeHZ8Y2a7l1MgTd08SBe9A8Qj6A=="],

    "ultracite": ["ultracite@7.2.4", "", { "dependencies": { "@clack/prompts": "^1.0.1", "commander": "^14.0.3", "deepmerge": "^4.3.1", "glob": "^13.0.3", "jsonc-parser": "^3.3.1", "nypm": "^0.6.5" }, "peerDependencies": { "oxlint": "^1.0.0" }, "optionalPeers": ["oxlint"], "bin": { "ultracite": "dist/index.js" } }, "sha512-3b2g2pwZMDSd+PBK8pxYCjEoYaqVSgXD22HS22BxR8GfbmRXJ3VpNu5Z5lNywIxZXsJleWdpGPHibOPYr/xmKg=="],

    "unconfig-core": ["unconfig-core@7.5.0", "", { "dependencies": { "@quansync/fs": "^1.0.0", "quansync": "^1.0.0" } }, "sha512-Su3FauozOGP44ZmKdHy2oE6LPjk51M/TRRjHv2HNCWiDvfvCoxC2lno6jevMA91MYAdCdwP05QnWdWpSbncX/w=="],

    "undici-types": ["undici-types@7.18.2", "", {}, "sha512-AsuCzffGHJybSaRrmr5eHr81mwJU3kjw6M+uprWvCXiNeN9SOGwQ3Jn8jb8m3Z6izVgknn1R0FTCEAP2QrLY/w=="],

    "unrun": ["unrun@0.2.28", "", { "dependencies": { "rolldown": "1.0.0-rc.5" }, "peerDependencies": { "synckit": "^0.11.11" }, "optionalPeers": ["synckit"], "bin": { "unrun": "dist/cli.mjs" } }, "sha512-LqMrI3ZEUMZ2476aCsbUTfy95CHByqez05nju4AQv4XFPkxh5yai7Di1/Qb0FoELHEEPDWhQi23EJeFyrBV0Og=="],

    "which": ["which@4.0.0", "", { "dependencies": { "isexe": "^3.1.1" }, "bin": { "node-which": "bin/which.js" } }, "sha512-GlaYyEb07DPxYCKhKzplCWBJtvxZcZMrL+4UkrTSJHHPyZU4mYYTv3qaOe77H7EODLSSopAUFAc6W8U4yqvscg=="],

    "zod": ["zod@4.3.6", "", {}, "sha512-rftlrkhHZOcjDwkGlnUtZZkvaPHCsDATp4pGpuOOMDaTdDDXF91wuVDJoWoPsKX/3YPQ5fHuF3STjcYyKr+Qhg=="],

    "@dotenvx/dotenvx/commander": ["commander@11.1.0", "", {}, "sha512-yPVavfyCcRhmorC7rWlkHn15b4wDVgVmBA7kV4QVBsF7kv/9TKJAbAXVTxvTnwP8HHKjRCJDClKbciiYS7p0DQ=="],

    "cross-spawn/which": ["which@2.0.2", "", { "dependencies": { "isexe": "^2.0.0" }, "bin": { "node-which": "./bin/node-which" } }, "sha512-BLI3Tl1TW3Pvl70l3yq3Y64i+awpwXqsGBYWkkqMtnbXgrMD+yj7rhW0kuEDxzJaYXGjEW5ogapKNMEKNMjibA=="],

    "unrun/rolldown": ["rolldown@1.0.0-rc.5", "", { "dependencies": { "@oxc-project/types": "=0.114.0", "@rolldown/pluginutils": "1.0.0-rc.5" }, "optionalDependencies": { "@rolldown/binding-android-arm64": "1.0.0-rc.5", "@rolldown/binding-darwin-arm64": "1.0.0-rc.5", "@rolldown/binding-darwin-x64": "1.0.0-rc.5", "@rolldown/binding-freebsd-x64": "1.0.0-rc.5", "@rolldown/binding-linux-arm-gnueabihf": "1.0.0-rc.5", "@rolldown/binding-linux-arm64-gnu": "1.0.0-rc.5", "@rolldown/binding-linux-arm64-musl": "1.0.0-rc.5", "@rolldown/binding-linux-x64-gnu": "1.0.0-rc.5", "@rolldown/binding-linux-x64-musl": "1.0.0-rc.5", "@rolldown/binding-openharmony-arm64": "1.0.0-rc.5", "@rolldown/binding-wasm32-wasi": "1.0.0-rc.5", "@rolldown/binding-win32-arm64-msvc": "1.0.0-rc.5", "@rolldown/binding-win32-x64-msvc": "1.0.0-rc.5" }, "bin": { "rolldown": "bin/cli.mjs" } }, "sha512-0AdalTs6hNTioaCYIkAa7+xsmHBfU5hCNclZnM/lp7lGGDuUOb6N4BVNtwiomybbencDjq/waKjTImqiGCs5sw=="],

    "cross-spawn/which/isexe": ["isexe@2.0.0", "", {}, "sha512-RHxMLp9lnKHGHRng9QFhRCMbYAcVpn69smSGcq3f36xjgVVWThj4qqLbTLlq7Ssj8B+fIQ1EuCEGI2lKsyQeIw=="],

    "unrun/rolldown/@oxc-project/types": ["@oxc-project/types@0.114.0", "", {}, "sha512-//nBfbzHQHvJs8oFIjv6coZ6uxQ4alLfiPe6D5vit6c4pmxATHHlVwgB1k+Hv4yoAMyncdxgRBF5K4BYWUCzvA=="],

    "unrun/rolldown/@rolldown/binding-android-arm64": ["@rolldown/binding-android-arm64@1.0.0-rc.5", "", { "os": "android", "cpu": "arm64" }, "sha512-zCEmUrt1bggwgBgeKLxNj217J1OrChrp3jJt24VK9jAharSTeVaHODNL+LpcQVhRz+FktYWfT9cjo5oZ99ZLpg=="],

    "unrun/rolldown/@rolldown/binding-darwin-arm64": ["@rolldown/binding-darwin-arm64@1.0.0-rc.5", "", { "os": "darwin", "cpu": "arm64" }, "sha512-ZP9xb9lPAex36pvkNWCjSEJW/Gfdm9I3ssiqOFLmpZ/vosPXgpoGxCmh+dX1Qs+/bWQE6toNFXWWL8vYoKoK9Q=="],

    "unrun/rolldown/@rolldown/binding-darwin-x64": ["@rolldown/binding-darwin-x64@1.0.0-rc.5", "", { "os": "darwin", "cpu": "x64" }, "sha512-7IdrPunf6dp9mywMgTOKMMGDnMHQ6+h5gRl6LW8rhD8WK2kXX0IwzcM5Zc0B5J7xQs8QWOlKjv8BJsU/1CD3pg=="],

    "unrun/rolldown/@rolldown/binding-freebsd-x64": ["@rolldown/binding-freebsd-x64@1.0.0-rc.5", "", { "os": "freebsd", "cpu": "x64" }, "sha512-o/JCk+dL0IN68EBhZ4DqfsfvxPfMeoM6cJtxORC1YYoxGHZyth2Kb2maXDb4oddw2wu8iIbnYXYPEzBtAF5CAg=="],

    "unrun/rolldown/@rolldown/binding-linux-arm-gnueabihf": ["@rolldown/binding-linux-arm-gnueabihf@1.0.0-rc.5", "", { "os": "linux", "cpu": "arm" }, "sha512-IIBwTtA6VwxQLcEgq2mfrUgam7VvPZjhd/jxmeS1npM+edWsrrpRLHUdze+sk4rhb8/xpP3flemgcZXXUW6ukw=="],

    "unrun/rolldown/@rolldown/binding-linux-arm64-gnu": ["@rolldown/binding-linux-arm64-gnu@1.0.0-rc.5", "", { "os": "linux", "cpu": "arm64" }, "sha512-KSol1De1spMZL+Xg7K5IBWXIvRWv7+pveaxFWXpezezAG7CS6ojzRjtCGCiLxQricutTAi/LkNWKMsd2wNhMKQ=="],

    "unrun/rolldown/@rolldown/binding-linux-arm64-musl": ["@rolldown/binding-linux-arm64-musl@1.0.0-rc.5", "", { "os": "linux", "cpu": "arm64" }, "sha512-WFljyDkxtXRlWxMjxeegf7xMYXxUr8u7JdXlOEWKYgDqEgxUnSEsVDxBiNWQ1D5kQKwf8Wo4sVKEYPRhCdsjwA=="],

    "unrun/rolldown/@rolldown/binding-linux-x64-gnu": ["@rolldown/binding-linux-x64-gnu@1.0.0-rc.5", "", { "os": "linux", "cpu": "x64" }, "sha512-CUlplTujmbDWp2gamvrqVKi2Or8lmngXT1WxsizJfts7JrvfGhZObciaY/+CbdbS9qNnskvwMZNEhTPrn7b+WA=="],

    "unrun/rolldown/@rolldown/binding-linux-x64-musl": ["@rolldown/binding-linux-x64-musl@1.0.0-rc.5", "", { "os": "linux", "cpu": "x64" }, "sha512-wdf7g9NbVZCeAo2iGhsjJb7I8ZFfs6X8bumfrWg82VK+8P6AlLXwk48a1ASiJQDTS7Svq2xVzZg3sGO2aXpHRA=="],

    "unrun/rolldown/@rolldown/binding-openharmony-arm64": ["@rolldown/binding-openharmony-arm64@1.0.0-rc.5", "", { "os": "none", "cpu": "arm64" }, "sha512-0CWY7ubu12nhzz+tkpHjoG3IRSTlWYe0wrfJRf4qqjqQSGtAYgoL9kwzdvlhaFdZ5ffVeyYw9qLsChcjUMEloQ=="],

    "unrun/rolldown/@rolldown/binding-wasm32-wasi": ["@rolldown/binding-wasm32-wasi@1.0.0-rc.5", "", { "dependencies": { "@napi-rs/wasm-runtime": "^1.1.1" }, "cpu": "none" }, "sha512-LztXnGzv6t2u830mnZrFLRVqT/DPJ9DL4ZTz/y93rqUVkeHjMMYIYaFj+BUthiYxbVH9dH0SZYufETspKY/NhA=="],

    "unrun/rolldown/@rolldown/binding-win32-arm64-msvc": ["@rolldown/binding-win32-arm64-msvc@1.0.0-rc.5", "", { "os": "win32", "cpu": "arm64" }, "sha512-jUct1XVeGtyjqJXEAfvdFa8xoigYZ2rge7nYEm70ppQxpfH9ze2fbIrpHmP2tNM2vL/F6Dd0CpXhpjPbC6bSxQ=="],

    "unrun/rolldown/@rolldown/binding-win32-x64-msvc": ["@rolldown/binding-win32-x64-msvc@1.0.0-rc.5", "", { "os": "win32", "cpu": "x64" }, "sha512-VQ8F9ld5gw29epjnVGdrx8ugiLTe8BMqmhDYy7nGbdeDo4HAt4bgdZvLbViEhg7DZyHLpiEUlO5/jPSUrIuxRQ=="],

    "unrun/rolldown/@rolldown/pluginutils": ["@rolldown/pluginutils@1.0.0-rc.5", "", {}, "sha512-RxlLX/DPoarZ9PtxVrQgZhPoor987YtKQqCo5zkjX+0S0yLJ7Vv515Wk6+xtTL67VONKJKxETWZwuZjss2idYw=="],
  }
}
